
Microsoft Visual Studio Solution File, Format Version 12.00
# Visual Studio Version 17
VisualStudioVersion = 17.4.33213.308
MinimumVisualStudioVersion = 10.0.40219.1
Project("{FAE04EC0-301F-11D3-BF4B-00C04F79EFBC}") = "Jurnal_Mod_6_1302210009_MQS", "Jurnal_Mod_6_1302210009_MQS\Jurnal_Mod_6_1302210009_MQS.csproj", "{7B2204AA-67CA-4CE4-B147-D586A3A5A1CA}"
EndProject
Global
	GlobalSection(SolutionConfigurationPlatforms) = preSolution
		Debug|Any CPU = Debug|Any CPU
		Release|Any CPU = Release|Any CPU
	EndGlobalSection
	GlobalSection(ProjectConfigurationPlatforms) = postSolution
		{7B2204AA-67CA-4CE4-B147-D586A3A5A1CA}.Debug|Any CPU.ActiveCfg = Debug|Any CPU
		{7B2204AA-67CA-4CE4-B147-D586A3A5A1CA}.Debug|Any CPU.Build.0 = Debug|Any CPU
		{7B2204AA-67CA-4CE4-B147-D586A3A5A1CA}.Release|Any CPU.ActiveCfg = Release|Any CPU
		{7B2204AA-67CA-4CE4-B147-D586A3A5A1CA}.Release|Any CPU.Build.0 = Release|Any CPU
	EndGlobalSection
	GlobalSection(SolutionProperties) = preSolution
		HideSolutionNode = FALSE
	EndGlobalSection
	GlobalSection(ExtensibilityGlobals) = postSolution
		SolutionGuid = {ED5D7FE9-42CA-49CF-BCC7-3E63600A8EF8}
	EndGlobalSection
EndGlobal
